
Microsoft Visual Studio Solution File, Format Version 12.00
# Visual Studio Version 16
VisualStudioVersion = 16.0.31515.178
MinimumVisualStudioVersion = 10.0.40219.1
Project("{9A19103F-16F7-4668-BE54-9A1E7A4F7556}") = "MechanicalMilkshake", "MechanicalMilkshake.csproj", "{8F17234D-46D3-408D-B057-3C2069EC3DB3}"
EndProject
Project("{2150E333-8FDC-42A3-9474-1A3956D46DE8}") = "Solution Items", "Solution Items", "{B8113F8C-F2CC-457A-BC73-4AC9C08EA198}"
	ProjectSection(SolutionItems) = preProject
		.editorconfig = .editorconfig
	EndProjectSection
EndProject
Global
	GlobalSection(SolutionConfigurationPlatforms) = preSolution
		Debug|Any CPU = Debug|Any CPU
		Release|Any CPU = Release|Any CPU
	EndGlobalSection
	GlobalSection(ProjectConfigurationPlatforms) = postSolution
		{8F17234D-46D3-408D-B057-3C2069EC3DB3}.Debug|Any CPU.ActiveCfg = Debug|Any CPU
		{8F17234D-46D3-408D-B057-3C2069EC3DB3}.Debug|Any CPU.Build.0 = Debug|Any CPU
		{8F17234D-46D3-408D-B057-3C2069EC3DB3}.Release|Any CPU.ActiveCfg = Release|Any CPU
		{8F17234D-46D3-408D-B057-3C2069EC3DB3}.Release|Any CPU.Build.0 = Release|Any CPU
	EndGlobalSection
	GlobalSection(SolutionProperties) = preSolution
		HideSolutionNode = FALSE
	EndGlobalSection
	GlobalSection(ExtensibilityGlobals) = postSolution
		SolutionGuid = {15678309-A2CE-4527-9AEE-DFB8A98433AA}
	EndGlobalSection
EndGlobal
